
Microsoft Visual Studio Solution File, Format Version 12.00
Project("{F2A71F9B-5D33-465A-A702-920D77279786}") = "AoC2025", "AoC2025\AoC2025.fsproj", "{72A69D58-5FE9-4645-84C9-B72B39ABF5FA}"
EndProject
Global
	GlobalSection(SolutionConfigurationPlatforms) = preSolution
		Debug|Any CPU = Debug|Any CPU
		Release|Any CPU = Release|Any CPU
	EndGlobalSection
	GlobalSection(ProjectConfigurationPlatforms) = postSolution
		{72A69D58-5FE9-4645-84C9-B72B39ABF5FA}.Debug|Any CPU.ActiveCfg = Debug|Any CPU
		{72A69D58-5FE9-4645-84C9-B72B39ABF5FA}.Debug|Any CPU.Build.0 = Debug|Any CPU
		{72A69D58-5FE9-4645-84C9-B72B39ABF5FA}.Release|Any CPU.ActiveCfg = Release|Any CPU
		{72A69D58-5FE9-4645-84C9-B72B39ABF5FA}.Release|Any CPU.Build.0 = Release|Any CPU
	EndGlobalSection
EndGlobal
